// !$*UTF8*$!
{
	archiveVersion = 1;
	classes = {
	};
	objectVersion = 55;
	objects = {

/* Begin PBXBuildFile section */
		C2405F41287D71A900DDAE46 /* AppDelegate.swift in Sources */ = {isa = PBXBuildFile; fileRef = C2405F40287D71A900DDAE46 /* AppDelegate.swift */; };
		C2405F43287D71A900DDAE46 /* SceneDelegate.swift in Sources */ = {isa = PBXBuildFile; fileRef = C2405F42287D71A900DDAE46 /* SceneDelegate.swift */; };
		C2405F45287D71A900DDAE46 /* ViewController.swift in Sources */ = {isa = PBXBuildFile; fileRef = C2405F44287D71A900DDAE46 /* ViewController.swift */; };
		C2405F48287D71A900DDAE46 /* Main.storyboard in Resources */ = {isa = PBXBuildFile; fileRef = C2405F46287D71A900DDAE46 /* Main.storyboard */; };
		C2405F4A287D71AD00DDAE46 /* Assets.xcassets in Resources */ = {isa = PBXBuildFile; fileRef = C2405F49287D71AD00DDAE46 /* Assets.xcassets */; };
		C2405F4D287D71AD00DDAE46 /* LaunchScreen.storyboard in Resources */ = {isa = PBXBuildFile; fileRef = C2405F4B287D71AD00DDAE46 /* LaunchScreen.storyboard */; };
		C2405F55287D7A0F00DDAE46 /* CalendarCell.swift in Sources */ = {isa = PBXBuildFile; fileRef = C2405F54287D7A0F00DDAE46 /* CalendarCell.swift */; };
		C2405F57287DC66500DDAE46 /* CalendarHelper.swift in Sources */ = {isa = PBXBuildFile; fileRef = C2405F56287DC66500DDAE46 /* CalendarHelper.swift */; };
		C2AC0F7B2882CC1A0013EEE7 /* NoteViewController.swift in Sources */ = {isa = PBXBuildFile; fileRef = C2AC0F7A2882CC1A0013EEE7 /* NoteViewController.swift */; };
		C2AC0F7D2882CC5F0013EEE7 /* EntryViewController.swift in Sources */ = {isa = PBXBuildFile; fileRef = C2AC0F7C2882CC5F0013EEE7 /* EntryViewController.swift */; };
		C2AC0F7F2882CCA10013EEE7 /* journalHelper.swift in Sources */ = {isa = PBXBuildFile; fileRef = C2AC0F7E2882CCA10013EEE7 /* journalHelper.swift */; };
		C2E501D9287EC5B000FF9886 /* EmotionHelper.swift in Sources */ = {isa = PBXBuildFile; fileRef = C2E501D8287EC5B000FF9886 /* EmotionHelper.swift */; };
/* End PBXBuildFile section */

/* Begin PBXFileReference section */
		C2405F3D287D71A900DDAE46 /* MoodTrackingApp.app */ = {isa = PBXFileReference; explicitFileType = wrapper.application; includeInIndex = 0; path = MoodTrackingApp.app; sourceTree = BUILT_PRODUCTS_DIR; };
		C2405F40287D71A900DDAE46 /* AppDelegate.swift */ = {isa = PBXFileReference; lastKnownFileType = sourcecode.swift; path = AppDelegate.swift; sourceTree = "<group>"; };
		C2405F42287D71A900DDAE46 /* SceneDelegate.swift */ = {isa = PBXFileReference; lastKnownFileType = sourcecode.swift; path = SceneDelegate.swift; sourceTree = "<group>"; };
		C2405F44287D71A900DDAE46 /* ViewController.swift */ = {isa = PBXFileReference; lastKnownFileType = sourcecode.swift; path = ViewController.swift; sourceTree = "<group>"; };
		C2405F47287D71A900DDAE46 /* Base */ = {isa = PBXFileReference; lastKnownFileType = file.storyboard; name = Base; path = Base.lproj/Main.storyboard; sourceTree = "<group>"; };
		C2405F49287D71AD00DDAE46 /* Assets.xcassets */ = {isa = PBXFileReference; lastKnownFileType = folder.assetcatalog; path = Assets.xcassets; sourceTree = "<group>"; };
		C2405F4C287D71AD00DDAE46 /* Base */ = {isa = PBXFileReference; lastKnownFileType = file.storyboard; name = Base; path = Base.lproj/LaunchScreen.storyboard; sourceTree = "<group>"; };
		C2405F4E287D71AD00DDAE46 /* Info.plist */ = {isa = PBXFileReference; lastKnownFileType = text.plist.xml; path = Info.plist; sourceTree = "<group>"; };
		C2405F54287D7A0F00DDAE46 /* CalendarCell.swift */ = {isa = PBXFileReference; lastKnownFileType = sourcecode.swift; path = CalendarCell.swift; sourceTree = "<group>"; };
		C2405F56287DC66500DDAE46 /* CalendarHelper.swift */ = {isa = PBXFileReference; lastKnownFileType = sourcecode.swift; path = CalendarHelper.swift; sourceTree = "<group>"; };
		C2AC0F7A2882CC1A0013EEE7 /* NoteViewController.swift */ = {isa = PBXFileReference; lastKnownFileType = sourcecode.swift; path = NoteViewController.swift; sourceTree = "<group>"; };
		C2AC0F7C2882CC5F0013EEE7 /* EntryViewController.swift */ = {isa = PBXFileReference; lastKnownFileType = sourcecode.swift; path = EntryViewController.swift; sourceTree = "<group>"; };
		C2AC0F7E2882CCA10013EEE7 /* journalHelper.swift */ = {isa = PBXFileReference; fileEncoding = 4; lastKnownFileType = sourcecode.swift; path = journalHelper.swift; sourceTree = "<group>"; };
		C2E501D8287EC5B000FF9886 /* EmotionHelper.swift */ = {isa = PBXFileReference; lastKnownFileType = sourcecode.swift; path = EmotionHelper.swift; sourceTree = "<group>"; };
/* End PBXFileReference section */

/* Begin PBXFrameworksBuildPhase section */
		C2405F3A287D71A900DDAE46 /* Frameworks */ = {
			isa = PBXFrameworksBuildPhase;
			buildActionMask = 2147483647;
			files = (
			);
			runOnlyForDeploymentPostprocessing = 0;
		};
/* End PBXFrameworksBuildPhase section */

/* Begin PBXGroup section */
		C2405F34287D71A900DDAE46 = {
			isa = PBXGroup;
			children = (
				C2405F3F287D71A900DDAE46 /* MoodTrackingApp */,
				C2405F3E287D71A900DDAE46 /* Products */,
			);
			sourceTree = "<group>";
		};
		C2405F3E287D71A900DDAE46 /* Products */ = {
			isa = PBXGroup;
			children = (
				C2405F3D287D71A900DDAE46 /* MoodTrackingApp.app */,
			);
			name = Products;
			sourceTree = "<group>";
		};
		C2405F3F287D71A900DDAE46 /* MoodTrackingApp */ = {
			isa = PBXGroup;
			children = (
				C2405F40287D71A900DDAE46 /* AppDelegate.swift */,
				C2AC0F7A2882CC1A0013EEE7 /* NoteViewController.swift */,
				C2405F42287D71A900DDAE46 /* SceneDelegate.swift */,
				C2405F44287D71A900DDAE46 /* ViewController.swift */,
				C2AC0F7E2882CCA10013EEE7 /* journalHelper.swift */,
				C2405F56287DC66500DDAE46 /* CalendarHelper.swift */,
				C2E501D8287EC5B000FF9886 /* EmotionHelper.swift */,
				C2405F46287D71A900DDAE46 /* Main.storyboard */,
				C2AC0F7C2882CC5F0013EEE7 /* EntryViewController.swift */,
				C2405F54287D7A0F00DDAE46 /* CalendarCell.swift */,
				C2405F49287D71AD00DDAE46 /* Assets.xcassets */,
				C2405F4B287D71AD00DDAE46 /* LaunchScreen.storyboard */,
				C2405F4E287D71AD00DDAE46 /* Info.plist */,
			);
			path = MoodTrackingApp;
			sourceTree = "<group>";
		};
/* End PBXGroup section */

/* Begin PBXNativeTarget section */
		C2405F3C287D71A900DDAE46 /* MoodTrackingApp */ = {
			isa = PBXNativeTarget;
			buildConfigurationList = C2405F51287D71AD00DDAE46 /* Build configuration list for PBXNativeTarget "MoodTrackingApp" */;
			buildPhases = (
				C2405F39287D71A900DDAE46 /* Sources */,
				C2405F3A287D71A900DDAE46 /* Frameworks */,
				C2405F3B287D71A900DDAE46 /* Resources */,
			);
			buildRules = (
			);
			dependencies = (
			);
			name = MoodTrackingApp;
			productName = MoodTrackingApp;
			productReference = C2405F3D287D71A900DDAE46 /* MoodTrackingApp.app */;
			productType = "com.apple.product-type.application";
		};
/* End PBXNativeTarget section */

/* Begin PBXProject section */
		C2405F35287D71A900DDAE46 /* Project object */ = {
			isa = PBXProject;
			attributes = {
				BuildIndependentTargetsInParallel = 1;
				LastSwiftUpdateCheck = 1340;
				LastUpgradeCheck = 1340;
				TargetAttributes = {
					C2405F3C287D71A900DDAE46 = {
						CreatedOnToolsVersion = 13.4;
					};
				};
			};
			buildConfigurationList = C2405F38287D71A900DDAE46 /* Build configuration list for PBXProject "MoodTrackingApp" */;
			compatibilityVersion = "Xcode 13.0";
			developmentRegion = en;
			hasScannedForEncodings = 0;
			knownRegions = (
				en,
				Base,
			);
			mainGroup = C2405F34287D71A900DDAE46;
			productRefGroup = C2405F3E287D71A900DDAE46 /* Products */;
			projectDirPath = "";
			projectRoot = "";
			targets = (
				C2405F3C287D71A900DDAE46 /* MoodTrackingApp */,
			);
		};
/* End PBXProject section */

/* Begin PBXResourcesBuildPhase section */
		C2405F3B287D71A900DDAE46 /* Resources */ = {
			isa = PBXResourcesBuildPhase;
			buildActionMask = 2147483647;
			files = (
				C2405F4D287D71AD00DDAE46 /* LaunchScreen.storyboard in Resources */,
				C2405F4A287D71AD00DDAE46 /* Assets.xcassets in Resources */,
				C2405F48287D71A900DDAE46 /* Main.storyboard in Resources */,
			);
			runOnlyForDeploymentPostprocessing = 0;
		};
/* End PBXResourcesBuildPhase section */

/* Begin PBXSourcesBuildPhase section */
		C2405F39287D71A900DDAE46 /* Sources */ = {
			isa = PBXSourcesBuildPhase;
			buildActionMask = 2147483647;
			files = (
				C2405F57287DC66500DDAE46 /* CalendarHelper.swift in Sources */,
				C2405F45287D71A900DDAE46 /* ViewController.swift in Sources */,
				C2405F41287D71A900DDAE46 /* AppDelegate.swift in Sources */,
				C2405F43287D71A900DDAE46 /* SceneDelegate.swift in Sources */,
				C2AC0F7B2882CC1A0013EEE7 /* NoteViewController.swift in Sources */,
				C2AC0F7D2882CC5F0013EEE7 /* EntryViewController.swift in Sources */,
				C2E501D9287EC5B000FF9886 /* EmotionHelper.swift in Sources */,
				C2405F55287D7A0F00DDAE46 /* CalendarCell.swift in Sources */,
				C2AC0F7F2882CCA10013EEE7 /* journalHelper.swift in Sources */,
			);
			runOnlyForDeploymentPostprocessing = 0;
		};
/* End PBXSourcesBuildPhase section */

/* Begin PBXVariantGroup section */
		C2405F46287D71A900DDAE46 /* Main.storyboard */ = {
			isa = PBXVariantGroup;
			children = (
				C2405F47287D71A900DDAE46 /* Base */,
			);
			name = Main.storyboard;
			sourceTree = "<group>";
		};
		C2405F4B287D71AD00DDAE46 /* LaunchScreen.storyboard */ = {
			isa = PBXVariantGroup;
			children = (
				C2405F4C287D71AD00DDAE46 /* Base */,
			);
			name = LaunchScreen.storyboard;
			sourceTree = "<group>";
		};
/* End PBXVariantGroup section */

/* Begin XCBuildConfiguration section */
		C2405F4F287D71AD00DDAE46 /* Debug */ = {
			isa = XCBuildConfiguration;
			buildSettings = {
				ALWAYS_SEARCH_USER_PATHS = NO;
				CLANG_ANALYZER_NONNULL = YES;
				CLANG_ANALYZER_NUMBER_OBJECT_CONVERSION = YES_AGGRESSIVE;
				CLANG_CXX_LANGUAGE_STANDARD = "gnu++17";
				CLANG_ENABLE_MODULES = YES;
				CLANG_ENABLE_OBJC_ARC = YES;
				CLANG_ENABLE_OBJC_WEAK = YES;
				CLANG_WARN_BLOCK_CAPTURE_AUTORELEASING = YES;
				CLANG_WARN_BOOL_CONVERSION = YES;
				CLANG_WARN_COMMA = YES;
				CLANG_WARN_CONSTANT_CONVERSION = YES;
				CLANG_WARN_DEPRECATED_OBJC_IMPLEMENTATIONS = YES;
				CLANG_WARN_DIRECT_OBJC_ISA_USAGE = YES_ERROR;
				CLANG_WARN_DOCUMENTATION_COMMENTS = YES;
				CLANG_WARN_EMPTY_BODY = YES;
				CLANG_WARN_ENUM_CONVERSION = YES;
				CLANG_WARN_INFINITE_RECURSION = YES;
				CLANG_WARN_INT_CONVERSION = YES;
				CLANG_WARN_NON_LITERAL_NULL_CONVERSION = YES;
				CLANG_WARN_OBJC_IMPLICIT_RETAIN_SELF = YES;
				CLANG_WARN_OBJC_LITERAL_CONVERSION = YES;
				CLANG_WARN_OBJC_ROOT_CLASS = YES_ERROR;
				CLANG_WARN_QUOTED_INCLUDE_IN_FRAMEWORK_HEADER = YES;
				CLANG_WARN_RANGE_LOOP_ANALYSIS = YES;
				CLANG_WARN_STRICT_PROTOTYPES = YES;
				CLANG_WARN_SUSPICIOUS_MOVE = YES;
				CLANG_WARN_UNGUARDED_AVAILABILITY = YES_AGGRESSIVE;
				CLANG_WARN_UNREACHABLE_CODE = YES;
				CLANG_WARN__DUPLICATE_METHOD_MATCH = YES;
				COPY_PHASE_STRIP = NO;
				DEBUG_INFORMATION_FORMAT = dwarf;
				ENABLE_STRICT_OBJC_MSGSEND = YES;
				ENABLE_TESTABILITY = YES;
				GCC_C_LANGUAGE_STANDARD = gnu11;
				GCC_DYNAMIC_NO_PIC = NO;
				GCC_NO_COMMON_BLOCKS = YES;
				GCC_OPTIMIZATION_LEVEL = 0;
				GCC_PREPROCESSOR_DEFINITIONS = (
					"DEBUG=1",
					"$(inherited)",
				);
				GCC_WARN_64_TO_32_BIT_CONVERSION = YES;
				GCC_WARN_ABOUT_RETURN_TYPE = YES_ERROR;
				GCC_WARN_UNDECLARED_SELECTOR = YES;
				GCC_WARN_UNINITIALIZED_AUTOS = YES_AGGRESSIVE;
				GCC_WARN_UNUSED_FUNCTION = YES;
				GCC_WARN_UNUSED_VARIABLE = YES;
				IPHONEOS_DEPLOYMENT_TARGET = 15.5;
				MTL_ENABLE_DEBUG_INFO = INCLUDE_SOURCE;
				MTL_FAST_MATH = YES;
				ONLY_ACTIVE_ARCH = YES;
				SDKROOT = iphoneos;
				SWIFT_ACTIVE_COMPILATION_CONDITIONS = DEBUG;
				SWIFT_OPTIMIZATION_LEVEL = "-Onone";
			};
			name = Debug;
		};
		C2405F50287D71AD00DDAE46 /* Release */ = {
			isa = XCBuildConfiguration;
			buildSettings = {
				ALWAYS_SEARCH_USER_PATHS = NO;
				CLANG_ANALYZER_NONNULL = YES;
				CLANG_ANALYZER_NUMBER_OBJECT_CONVERSION = YES_AGGRESSIVE;
				CLANG_CXX_LANGUAGE_STANDARD = "gnu++17";
				CLANG_ENABLE_MODULES = YES;
				CLANG_ENABLE_OBJC_ARC = YES;
				CLANG_ENABLE_OBJC_WEAK = YES;
				CLANG_WARN_BLOCK_CAPTURE_AUTORELEASING = YES;
				CLANG_WARN_BOOL_CONVERSION = YES;
				CLANG_WARN_COMMA = YES;
				CLANG_WARN_CONSTANT_CONVERSION = YES;
				CLANG_WARN_DEPRECATED_OBJC_IMPLEMENTATIONS = YES;
				CLANG_WARN_DIRECT_OBJC_ISA_USAGE = YES_ERROR;
				CLANG_WARN_DOCUMENTATION_COMMENTS = YES;
				CLANG_WARN_EMPTY_BODY = YES;
				CLANG_WARN_ENUM_CONVERSION = YES;
				CLANG_WARN_INFINITE_RECURSION = YES;
				CLANG_WARN_INT_CONVERSION = YES;
				CLANG_WARN_NON_LITERAL_NULL_CONVERSION = YES;
				CLANG_WARN_OBJC_IMPLICIT_RETAIN_SELF = YES;
				CLANG_WARN_OBJC_LITERAL_CONVERSION = YES;
				CLANG_WARN_OBJC_ROOT_CLASS = YES_ERROR;
				CLANG_WARN_QUOTED_INCLUDE_IN_FRAMEWORK_HEADER = YES;
				CLANG_WARN_RANGE_LOOP_ANALYSIS = YES;
				CLANG_WARN_STRICT_PROTOTYPES = YES;
				CLANG_WARN_SUSPICIOUS_MOVE = YES;
				CLANG_WARN_UNGUARDED_AVAILABILITY = YES_AGGRESSIVE;
				CLANG_WARN_UNREACHABLE_CODE = YES;
				CLANG_WARN__DUPLICATE_METHOD_MATCH = YES;
				COPY_PHASE_STRIP = NO;
				DEBUG_INFORMATION_FORMAT = "dwarf-with-dsym";
				ENABLE_NS_ASSERTIONS = NO;
				ENABLE_STRICT_OBJC_MSGSEND = YES;
				GCC_C_LANGUAGE_STANDARD = gnu11;
				GCC_NO_COMMON_BLOCKS = YES;
				GCC_WARN_64_TO_32_BIT_CONVERSION = YES;
				GCC_WARN_ABOUT_RETURN_TYPE = YES_ERROR;
				GCC_WARN_UNDECLARED_SELECTOR = YES;
				GCC_WARN_UNINITIALIZED_AUTOS = YES_AGGRESSIVE;
				GCC_WARN_UNUSED_FUNCTION = YES;
				GCC_WARN_UNUSED_VARIABLE = YES;
				IPHONEOS_DEPLOYMENT_TARGET = 15.5;
				MTL_ENABLE_DEBUG_INFO = NO;
				MTL_FAST_MATH = YES;
				SDKROOT = iphoneos;
				SWIFT_COMPILATION_MODE = wholemodule;
				SWIFT_OPTIMIZATION_LEVEL = "-O";
				VALIDATE_PRODUCT = YES;
			};
			name = Release;
		};
		C2405F52287D71AD00DDAE46 /* Debug */ = {
			isa = XCBuildConfiguration;
			buildSettings = {
				ASSETCATALOG_COMPILER_APPICON_NAME = AppIcon;
				ASSETCATALOG_COMPILER_GLOBAL_ACCENT_COLOR_NAME = AccentColor;
				CODE_SIGN_STYLE = Automatic;
				CURRENT_PROJECT_VERSION = 1;
				DEVELOPMENT_TEAM = V4Q8HHX655;
				GENERATE_INFOPLIST_FILE = YES;
				INFOPLIST_FILE = MoodTrackingApp/Info.plist;
				INFOPLIST_KEY_UIApplicationSupportsIndirectInputEvents = YES;
				INFOPLIST_KEY_UILaunchStoryboardName = LaunchScreen;
				INFOPLIST_KEY_UIMainStoryboardFile = Main;
				INFOPLIST_KEY_UISupportedInterfaceOrientations_iPad = "UIInterfaceOrientationPortrait UIInterfaceOrientationPortraitUpsideDown UIInterfaceOrientationLandscapeLeft UIInterfaceOrientationLandscapeRight";
				INFOPLIST_KEY_UISupportedInterfaceOrientations_iPhone = "UIInterfaceOrientationPortrait UIInterfaceOrientationLandscapeLeft UIInterfaceOrientationLandscapeRight";
				IPHONEOS_DEPLOYMENT_TARGET = 14.0;
				LD_RUNPATH_SEARCH_PATHS = (
					"$(inherited)",
					"@executable_path/Frameworks",
				);
				MARKETING_VERSION = 1.0;
				PRODUCT_BUNDLE_IDENTIFIER = paulinaguzior.MoodTrackingApp;
				PRODUCT_NAME = "$(TARGET_NAME)";
				SWIFT_EMIT_LOC_STRINGS = YES;
				SWIFT_VERSION = 5.0;
				TARGETED_DEVICE_FAMILY = "1,2";
			};
			name = Debug;
		};
		C2405F53287D71AD00DDAE46 /* Release */ = {
			isa = XCBuildConfiguration;
			buildSettings = {
				ASSETCATALOG_COMPILER_APPICON_NAME = AppIcon;
				ASSETCATALOG_COMPILER_GLOBAL_ACCENT_COLOR_NAME = AccentColor;
				CODE_SIGN_STYLE = Automatic;
				CURRENT_PROJECT_VERSION = 1;
				DEVELOPMENT_TEAM = V4Q8HHX655;
				GENERATE_INFOPLIST_FILE = YES;
				INFOPLIST_FILE = MoodTrackingApp/Info.plist;
				INFOPLIST_KEY_UIApplicationSupportsIndirectInputEvents = YES;
				INFOPLIST_KEY_UILaunchStoryboardName = LaunchScreen;
				INFOPLIST_KEY_UIMainStoryboardFile = Main;
				INFOPLIST_KEY_UISupportedInterfaceOrientations_iPad = "UIInterfaceOrientationPortrait UIInterfaceOrientationPortraitUpsideDown UIInterfaceOrientationLandscapeLeft UIInterfaceOrientationLandscapeRight";
				INFOPLIST_KEY_UISupportedInterfaceOrientations_iPhone = "UIInterfaceOrientationPortrait UIInterfaceOrientationLandscapeLeft UIInterfaceOrientationLandscapeRight";
				IPHONEOS_DEPLOYMENT_TARGET = 14.0;
				LD_RUNPATH_SEARCH_PATHS = (
					"$(inherited)",
					"@executable_path/Frameworks",
				);
				MARKETING_VERSION = 1.0;
				PRODUCT_BUNDLE_IDENTIFIER = paulinaguzior.MoodTrackingApp;
				PRODUCT_NAME = "$(TARGET_NAME)";
				SWIFT_EMIT_LOC_STRINGS = YES;
				SWIFT_VERSION = 5.0;
				TARGETED_DEVICE_FAMILY = "1,2";
			};
			name = Release;
		};
/* End XCBuildConfiguration section */

/* Begin XCConfigurationList section */
		C2405F38287D71A900DDAE46 /* Build configuration list for PBXProject "MoodTrackingApp" */ = {
			isa = XCConfigurationList;
			buildConfigurations = (
				C2405F4F287D71AD00DDAE46 /* Debug */,
				C2405F50287D71AD00DDAE46 /* Release */,
			);
			defaultConfigurationIsVisible = 0;
			defaultConfigurationName = Release;
		};
		C2405F51287D71AD00DDAE46 /* Build configuration list for PBXNativeTarget "MoodTrackingApp" */ = {
			isa = XCConfigurationList;
			buildConfigurations = (
				C2405F52287D71AD00DDAE46 /* Debug */,
				C2405F53287D71AD00DDAE46 /* Release */,
			);
			defaultConfigurationIsVisible = 0;
			defaultConfigurationName = Release;
		};
/* End XCConfigurationList section */
	};
	rootObject = C2405F35287D71A900DDAE46 /* Project object */;
}
